
Microsoft Visual Studio Solution File, Format Version 12.00
# Visual Studio 15
VisualStudioVersion = 15.0.26730.10
MinimumVisualStudioVersion = 10.0.40219.1
Project("{FAE04EC0-301F-11D3-BF4B-00C04F79EFBC}") = "DevNameRandomizer", "DevNameRandomizer\DevNameRandomizer.csproj", "{38175C44-5AF8-44F4-AFD0-C06CC68066B3}"
EndProject
Global
	GlobalSection(SolutionConfigurationPlatforms) = preSolution
		Debug|Any CPU = Debug|Any CPU
		Release|Any CPU = Release|Any CPU
	EndGlobalSection
	GlobalSection(ProjectConfigurationPlatforms) = postSolution
		{38175C44-5AF8-44F4-AFD0-C06CC68066B3}.Debug|Any CPU.ActiveCfg = Debug|Any CPU
		{38175C44-5AF8-44F4-AFD0-C06CC68066B3}.Debug|Any CPU.Build.0 = Debug|Any CPU
		{38175C44-5AF8-44F4-AFD0-C06CC68066B3}.Release|Any CPU.ActiveCfg = Release|Any CPU
		{38175C44-5AF8-44F4-AFD0-C06CC68066B3}.Release|Any CPU.Build.0 = Release|Any CPU
	EndGlobalSection
	GlobalSection(SolutionProperties) = preSolution
		HideSolutionNode = FALSE
	EndGlobalSection
	GlobalSection(ExtensibilityGlobals) = postSolution
		SolutionGuid = {3EF1E163-8D31-44AF-A64E-C80329293D16}
	EndGlobalSection
EndGlobal
